
Microsoft Visual Studio Solution File, Format Version 12.00
# Visual Studio 15
VisualStudioVersion = 15.0.27130.2010
MinimumVisualStudioVersion = 10.0.40219.1
Project("{9A19103F-16F7-4668-BE54-9A1E7A4F7556}") = "AccessControl", "AccessControl\AccessControl.csproj", "{52C8C614-6EB3-4985-BD0E-618DD0F21F03}"
EndProject
Project("{FAE04EC0-301F-11D3-BF4B-00C04F79EFBC}") = "Buisness", "Buisness\Buisness.csproj", "{3E9A28B5-B2C3-4966-B944-A90AFB6B0E46}"
EndProject
Global
	GlobalSection(SolutionConfigurationPlatforms) = preSolution
		Debug|Any CPU = Debug|Any CPU
		Release|Any CPU = Release|Any CPU
	EndGlobalSection
	GlobalSection(ProjectConfigurationPlatforms) = postSolution
		{52C8C614-6EB3-4985-BD0E-618DD0F21F03}.Debug|Any CPU.ActiveCfg = Debug|Any CPU
		{52C8C614-6EB3-4985-BD0E-618DD0F21F03}.Debug|Any CPU.Build.0 = Debug|Any CPU
		{52C8C614-6EB3-4985-BD0E-618DD0F21F03}.Release|Any CPU.ActiveCfg = Release|Any CPU
		{52C8C614-6EB3-4985-BD0E-618DD0F21F03}.Release|Any CPU.Build.0 = Release|Any CPU
		{3E9A28B5-B2C3-4966-B944-A90AFB6B0E46}.Debug|Any CPU.ActiveCfg = Debug|Any CPU
		{3E9A28B5-B2C3-4966-B944-A90AFB6B0E46}.Debug|Any CPU.Build.0 = Debug|Any CPU
		{3E9A28B5-B2C3-4966-B944-A90AFB6B0E46}.Release|Any CPU.ActiveCfg = Release|Any CPU
		{3E9A28B5-B2C3-4966-B944-A90AFB6B0E46}.Release|Any CPU.Build.0 = Release|Any CPU
	EndGlobalSection
	GlobalSection(SolutionProperties) = preSolution
		HideSolutionNode = FALSE
	EndGlobalSection
	GlobalSection(ExtensibilityGlobals) = postSolution
		SolutionGuid = {81F7733E-9CCB-4289-9F58-197E67FE57D7}
	EndGlobalSection
EndGlobal
